
Microsoft Visual Studio Solution File, Format Version 12.00
# Visual Studio Version 17
VisualStudioVersion = 17.11.35303.130
MinimumVisualStudioVersion = 10.0.40219.1
Project("{FAE04EC0-301F-11D3-BF4B-00C04F79EFBC}") = "ConsoleApp10", "ConsoleApp10.csproj", "{2A873E40-ABB0-4F6B-A52E-43DCFA3D74B4}"
EndProject
Global
	GlobalSection(SolutionConfigurationPlatforms) = preSolution
		Debug|Any CPU = Debug|Any CPU
		Release|Any CPU = Release|Any CPU
	EndGlobalSection
	GlobalSection(ProjectConfigurationPlatforms) = postSolution
		{2A873E40-ABB0-4F6B-A52E-43DCFA3D74B4}.Debug|Any CPU.ActiveCfg = Debug|Any CPU
		{2A873E40-ABB0-4F6B-A52E-43DCFA3D74B4}.Debug|Any CPU.Build.0 = Debug|Any CPU
		{2A873E40-ABB0-4F6B-A52E-43DCFA3D74B4}.Release|Any CPU.ActiveCfg = Release|Any CPU
		{2A873E40-ABB0-4F6B-A52E-43DCFA3D74B4}.Release|Any CPU.Build.0 = Release|Any CPU
	EndGlobalSection
	GlobalSection(SolutionProperties) = preSolution
		HideSolutionNode = FALSE
	EndGlobalSection
	GlobalSection(ExtensibilityGlobals) = postSolution
		SolutionGuid = {67D42638-E457-410C-B55B-EF5B1A6252DD}
	EndGlobalSection
EndGlobal
